
Microsoft Visual Studio Solution File, Format Version 12.00
# Visual Studio Version 17
VisualStudioVersion = 17.4.33213.308
MinimumVisualStudioVersion = 10.0.40219.1
Project("{FAE04EC0-301F-11D3-BF4B-00C04F79EFBC}") = "BMI", "BMI\BMI.csproj", "{34824A51-9060-45C6-A498-D42986963F5C}"
EndProject
Global
	GlobalSection(SolutionConfigurationPlatforms) = preSolution
		Debug|Any CPU = Debug|Any CPU
		Release|Any CPU = Release|Any CPU
	EndGlobalSection
	GlobalSection(ProjectConfigurationPlatforms) = postSolution
		{34824A51-9060-45C6-A498-D42986963F5C}.Debug|Any CPU.ActiveCfg = Debug|Any CPU
		{34824A51-9060-45C6-A498-D42986963F5C}.Debug|Any CPU.Build.0 = Debug|Any CPU
		{34824A51-9060-45C6-A498-D42986963F5C}.Debug|Any CPU.Deploy.0 = Debug|Any CPU
		{34824A51-9060-45C6-A498-D42986963F5C}.Release|Any CPU.ActiveCfg = Release|Any CPU
		{34824A51-9060-45C6-A498-D42986963F5C}.Release|Any CPU.Build.0 = Release|Any CPU
		{34824A51-9060-45C6-A498-D42986963F5C}.Release|Any CPU.Deploy.0 = Release|Any CPU
	EndGlobalSection
	GlobalSection(SolutionProperties) = preSolution
		HideSolutionNode = FALSE
	EndGlobalSection
	GlobalSection(ExtensibilityGlobals) = postSolution
		SolutionGuid = {EFBC19D1-B0D8-4CC5-A4F7-829E8629C3ED}
	EndGlobalSection
EndGlobal
