
Microsoft Visual Studio Solution File, Format Version 12.00
# Visual Studio Version 17
VisualStudioVersion = 17.4.33027.239
MinimumVisualStudioVersion = 10.0.40219.1
Project("{9A19103F-16F7-4668-BE54-9A1E7A4F7556}") = "MvvmDemo", "MvvmDemo\MvvmDemo.csproj", "{F232CFEB-D0DB-4D8B-B812-9078375F59BA}"
EndProject
Global
	GlobalSection(SolutionConfigurationPlatforms) = preSolution
		Debug|Any CPU = Debug|Any CPU
		Release|Any CPU = Release|Any CPU
	EndGlobalSection
	GlobalSection(ProjectConfigurationPlatforms) = postSolution
		{F232CFEB-D0DB-4D8B-B812-9078375F59BA}.Debug|Any CPU.ActiveCfg = Debug|Any CPU
		{F232CFEB-D0DB-4D8B-B812-9078375F59BA}.Debug|Any CPU.Build.0 = Debug|Any CPU
		{F232CFEB-D0DB-4D8B-B812-9078375F59BA}.Debug|Any CPU.Deploy.0 = Debug|Any CPU
		{F232CFEB-D0DB-4D8B-B812-9078375F59BA}.Release|Any CPU.ActiveCfg = Release|Any CPU
		{F232CFEB-D0DB-4D8B-B812-9078375F59BA}.Release|Any CPU.Build.0 = Release|Any CPU
		{F232CFEB-D0DB-4D8B-B812-9078375F59BA}.Release|Any CPU.Deploy.0 = Release|Any CPU
	EndGlobalSection
	GlobalSection(SolutionProperties) = preSolution
		HideSolutionNode = FALSE
	EndGlobalSection
	GlobalSection(ExtensibilityGlobals) = postSolution
		SolutionGuid = {86DF8E01-25D9-4933-AB6B-BB08608DC7C7}
	EndGlobalSection
EndGlobal
